
Microsoft Visual Studio Solution File, Format Version 12.00
# Visual Studio Version 16
VisualStudioVersion = 16.0.30907.101
MinimumVisualStudioVersion = 10.0.40219.1
Project("{FAE04EC0-301F-11D3-BF4B-00C04F79EFBC}") = "ConsoleApp22", "ConsoleApp22.csproj", "{70A170A6-62CB-4FB2-9C9D-6FAD455D7231}"
EndProject
Global
	GlobalSection(SolutionConfigurationPlatforms) = preSolution
		Debug|Any CPU = Debug|Any CPU
		Release|Any CPU = Release|Any CPU
	EndGlobalSection
	GlobalSection(ProjectConfigurationPlatforms) = postSolution
		{70A170A6-62CB-4FB2-9C9D-6FAD455D7231}.Debug|Any CPU.ActiveCfg = Debug|Any CPU
		{70A170A6-62CB-4FB2-9C9D-6FAD455D7231}.Debug|Any CPU.Build.0 = Debug|Any CPU
		{70A170A6-62CB-4FB2-9C9D-6FAD455D7231}.Release|Any CPU.ActiveCfg = Release|Any CPU
		{70A170A6-62CB-4FB2-9C9D-6FAD455D7231}.Release|Any CPU.Build.0 = Release|Any CPU
	EndGlobalSection
	GlobalSection(SolutionProperties) = preSolution
		HideSolutionNode = FALSE
	EndGlobalSection
	GlobalSection(ExtensibilityGlobals) = postSolution
		SolutionGuid = {D3E06CA5-88DD-4B36-B5EF-395D547A6A4C}
	EndGlobalSection
EndGlobal
